// !$*UTF8*$!
{
	archiveVersion = 1;
	classes = {
	};
	objectVersion = 55;
	objects = {

/* Begin PBXBuildFile section */
		CB46E5D4286172F70078AC25 /* PokeWinApp.swift in Sources */ = {isa = PBXBuildFile; fileRef = CB46E5D3286172F70078AC25 /* PokeWinApp.swift */; };
		CB46E5D6286172F70078AC25 /* ContentView.swift in Sources */ = {isa = PBXBuildFile; fileRef = CB46E5D5286172F70078AC25 /* ContentView.swift */; };
		CB46E5D8286172FC0078AC25 /* Assets.xcassets in Resources */ = {isa = PBXBuildFile; fileRef = CB46E5D7286172FC0078AC25 /* Assets.xcassets */; };
		CB46E5DB286172FC0078AC25 /* Preview Assets.xcassets in Resources */ = {isa = PBXBuildFile; fileRef = CB46E5DA286172FC0078AC25 /* Preview Assets.xcassets */; };
		CB46E5E5286172FC0078AC25 /* PokeWinTests.swift in Sources */ = {isa = PBXBuildFile; fileRef = CB46E5E4286172FC0078AC25 /* PokeWinTests.swift */; };
		CB46E5EF286172FC0078AC25 /* PokeWinUITests.swift in Sources */ = {isa = PBXBuildFile; fileRef = CB46E5EE286172FC0078AC25 /* PokeWinUITests.swift */; };
		CB46E5F1286172FC0078AC25 /* PokeWinUITestsLaunchTests.swift in Sources */ = {isa = PBXBuildFile; fileRef = CB46E5F0286172FC0078AC25 /* PokeWinUITestsLaunchTests.swift */; };
/* End PBXBuildFile section */

/* Begin PBXContainerItemProxy section */
		CB46E5E1286172FC0078AC25 /* PBXContainerItemProxy */ = {
			isa = PBXContainerItemProxy;
			containerPortal = CB46E5C8286172F70078AC25 /* Project object */;
			proxyType = 1;
			remoteGlobalIDString = CB46E5CF286172F70078AC25;
			remoteInfo = PokeWin;
		};
		CB46E5EB286172FC0078AC25 /* PBXContainerItemProxy */ = {
			isa = PBXContainerItemProxy;
			containerPortal = CB46E5C8286172F70078AC25 /* Project object */;
			proxyType = 1;
			remoteGlobalIDString = CB46E5CF286172F70078AC25;
			remoteInfo = PokeWin;
		};
/* End PBXContainerItemProxy section */

/* Begin PBXFileReference section */
		CB46E5D0286172F70078AC25 /* PokeWin.app */ = {isa = PBXFileReference; explicitFileType = wrapper.application; includeInIndex = 0; path = PokeWin.app; sourceTree = BUILT_PRODUCTS_DIR; };
		CB46E5D3286172F70078AC25 /* PokeWinApp.swift */ = {isa = PBXFileReference; lastKnownFileType = sourcecode.swift; path = PokeWinApp.swift; sourceTree = "<group>"; };
		CB46E5D5286172F70078AC25 /* ContentView.swift */ = {isa = PBXFileReference; lastKnownFileType = sourcecode.swift; path = ContentView.swift; sourceTree = "<group>"; };
		CB46E5D7286172FC0078AC25 /* Assets.xcassets */ = {isa = PBXFileReference; lastKnownFileType = folder.assetcatalog; path = Assets.xcassets; sourceTree = "<group>"; };
		CB46E5DA286172FC0078AC25 /* Preview Assets.xcassets */ = {isa = PBXFileReference; lastKnownFileType = folder.assetcatalog; path = "Preview Assets.xcassets"; sourceTree = "<group>"; };
		CB46E5E0286172FC0078AC25 /* PokeWinTests.xctest */ = {isa = PBXFileReference; explicitFileType = wrapper.cfbundle; includeInIndex = 0; path = PokeWinTests.xctest; sourceTree = BUILT_PRODUCTS_DIR; };
		CB46E5E4286172FC0078AC25 /* PokeWinTests.swift */ = {isa = PBXFileReference; lastKnownFileType = sourcecode.swift; path = PokeWinTests.swift; sourceTree = "<group>"; };
		CB46E5EA286172FC0078AC25 /* PokeWinUITests.xctest */ = {isa = PBXFileReference; explicitFileType = wrapper.cfbundle; includeInIndex = 0; path = PokeWinUITests.xctest; sourceTree = BUILT_PRODUCTS_DIR; };
		CB46E5EE286172FC0078AC25 /* PokeWinUITests.swift */ = {isa = PBXFileReference; lastKnownFileType = sourcecode.swift; path = PokeWinUITests.swift; sourceTree = "<group>"; };
		CB46E5F0286172FC0078AC25 /* PokeWinUITestsLaunchTests.swift */ = {isa = PBXFileReference; lastKnownFileType = sourcecode.swift; path = PokeWinUITestsLaunchTests.swift; sourceTree = "<group>"; };
/* End PBXFileReference section */

/* Begin PBXFrameworksBuildPhase section */
		CB46E5CD286172F70078AC25 /* Frameworks */ = {
			isa = PBXFrameworksBuildPhase;
			buildActionMask = 2147483647;
			files = (
			);
			runOnlyForDeploymentPostprocessing = 0;
		};
		CB46E5DD286172FC0078AC25 /* Frameworks */ = {
			isa = PBXFrameworksBuildPhase;
			buildActionMask = 2147483647;
			files = (
			);
			runOnlyForDeploymentPostprocessing = 0;
		};
		CB46E5E7286172FC0078AC25 /* Frameworks */ = {
			isa = PBXFrameworksBuildPhase;
			buildActionMask = 2147483647;
			files = (
			);
			runOnlyForDeploymentPostprocessing = 0;
		};
/* End PBXFrameworksBuildPhase section */

/* Begin PBXGroup section */
		CB46E5C7286172F70078AC25 = {
			isa = PBXGroup;
			children = (
				CB46E5D2286172F70078AC25 /* PokeWin */,
				CB46E5E3286172FC0078AC25 /* PokeWinTests */,
				CB46E5ED286172FC0078AC25 /* PokeWinUITests */,
				CB46E5D1286172F70078AC25 /* Products */,
			);
			sourceTree = "<group>";
		};
		CB46E5D1286172F70078AC25 /* Products */ = {
			isa = PBXGroup;
			children = (
				CB46E5D0286172F70078AC25 /* PokeWin.app */,
				CB46E5E0286172FC0078AC25 /* PokeWinTests.xctest */,
				CB46E5EA286172FC0078AC25 /* PokeWinUITests.xctest */,
			);
			name = Products;
			sourceTree = "<group>";
		};
		CB46E5D2286172F70078AC25 /* PokeWin */ = {
			isa = PBXGroup;
			children = (
				CB46E5D3286172F70078AC25 /* PokeWinApp.swift */,
				CB46E5D5286172F70078AC25 /* ContentView.swift */,
				CB46E5D7286172FC0078AC25 /* Assets.xcassets */,
				CB46E5D9286172FC0078AC25 /* Preview Content */,
			);
			path = PokeWin;
			sourceTree = "<group>";
		};
		CB46E5D9286172FC0078AC25 /* Preview Content */ = {
			isa = PBXGroup;
			children = (
				CB46E5DA286172FC0078AC25 /* Preview Assets.xcassets */,
			);
			path = "Preview Content";
			sourceTree = "<group>";
		};
		CB46E5E3286172FC0078AC25 /* PokeWinTests */ = {
			isa = PBXGroup;
			children = (
				CB46E5E4286172FC0078AC25 /* PokeWinTests.swift */,
			);
			path = PokeWinTests;
			sourceTree = "<group>";
		};
		CB46E5ED286172FC0078AC25 /* PokeWinUITests */ = {
			isa = PBXGroup;
			children = (
				CB46E5EE286172FC0078AC25 /* PokeWinUITests.swift */,
				CB46E5F0286172FC0078AC25 /* PokeWinUITestsLaunchTests.swift */,
			);
			path = PokeWinUITests;
			sourceTree = "<group>";
		};
/* End PBXGroup section */

/* Begin PBXNativeTarget section */
		CB46E5CF286172F70078AC25 /* PokeWin */ = {
			isa = PBXNativeTarget;
			buildConfigurationList = CB46E5F4286172FC0078AC25 /* Build configuration list for PBXNativeTarget "PokeWin" */;
			buildPhases = (
				CB46E5CC286172F70078AC25 /* Sources */,
				CB46E5CD286172F70078AC25 /* Frameworks */,
				CB46E5CE286172F70078AC25 /* Resources */,
			);
			buildRules = (
			);
			dependencies = (
			);
			name = PokeWin;
			productName = PokeWin;
			productReference = CB46E5D0286172F70078AC25 /* PokeWin.app */;
			productType = "com.apple.product-type.application";
		};
		CB46E5DF286172FC0078AC25 /* PokeWinTests */ = {
			isa = PBXNativeTarget;
			buildConfigurationList = CB46E5F7286172FC0078AC25 /* Build configuration list for PBXNativeTarget "PokeWinTests" */;
			buildPhases = (
				CB46E5DC286172FC0078AC25 /* Sources */,
				CB46E5DD286172FC0078AC25 /* Frameworks */,
				CB46E5DE286172FC0078AC25 /* Resources */,
			);
			buildRules = (
			);
			dependencies = (
				CB46E5E2286172FC0078AC25 /* PBXTargetDependency */,
			);
			name = PokeWinTests;
			productName = PokeWinTests;
			productReference = CB46E5E0286172FC0078AC25 /* PokeWinTests.xctest */;
			productType = "com.apple.product-type.bundle.unit-test";
		};
		CB46E5E9286172FC0078AC25 /* PokeWinUITests */ = {
			isa = PBXNativeTarget;
			buildConfigurationList = CB46E5FA286172FC0078AC25 /* Build configuration list for PBXNativeTarget "PokeWinUITests" */;
			buildPhases = (
				CB46E5E6286172FC0078AC25 /* Sources */,
				CB46E5E7286172FC0078AC25 /* Frameworks */,
				CB46E5E8286172FC0078AC25 /* Resources */,
			);
			buildRules = (
			);
			dependencies = (
				CB46E5EC286172FC0078AC25 /* PBXTargetDependency */,
			);
			name = PokeWinUITests;
			productName = PokeWinUITests;
			productReference = CB46E5EA286172FC0078AC25 /* PokeWinUITests.xctest */;
			productType = "com.apple.product-type.bundle.ui-testing";
		};
/* End PBXNativeTarget section */

/* Begin PBXProject section */
		CB46E5C8286172F70078AC25 /* Project object */ = {
			isa = PBXProject;
			attributes = {
				BuildIndependentTargetsInParallel = 1;
				LastSwiftUpdateCheck = 1340;
				LastUpgradeCheck = 1340;
				TargetAttributes = {
					CB46E5CF286172F70078AC25 = {
						CreatedOnToolsVersion = 13.4;
					};
					CB46E5DF286172FC0078AC25 = {
						CreatedOnToolsVersion = 13.4;
						TestTargetID = CB46E5CF286172F70078AC25;
					};
					CB46E5E9286172FC0078AC25 = {
						CreatedOnToolsVersion = 13.4;
						TestTargetID = CB46E5CF286172F70078AC25;
					};
				};
			};
			buildConfigurationList = CB46E5CB286172F70078AC25 /* Build configuration list for PBXProject "PokeWin" */;
			compatibilityVersion = "Xcode 13.0";
			developmentRegion = en;
			hasScannedForEncodings = 0;
			knownRegions = (
				en,
				Base,
			);
			mainGroup = CB46E5C7286172F70078AC25;
			productRefGroup = CB46E5D1286172F70078AC25 /* Products */;
			projectDirPath = "";
			projectRoot = "";
			targets = (
				CB46E5CF286172F70078AC25 /* PokeWin */,
				CB46E5DF286172FC0078AC25 /* PokeWinTests */,
				CB46E5E9286172FC0078AC25 /* PokeWinUITests */,
			);
		};
/* End PBXProject section */

/* Begin PBXResourcesBuildPhase section */
		CB46E5CE286172F70078AC25 /* Resources */ = {
			isa = PBXResourcesBuildPhase;
			buildActionMask = 2147483647;
			files = (
				CB46E5DB286172FC0078AC25 /* Preview Assets.xcassets in Resources */,
				CB46E5D8286172FC0078AC25 /* Assets.xcassets in Resources */,
			);
			runOnlyForDeploymentPostprocessing = 0;
		};
		CB46E5DE286172FC0078AC25 /* Resources */ = {
			isa = PBXResourcesBuildPhase;
			buildActionMask = 2147483647;
			files = (
			);
			runOnlyForDeploymentPostprocessing = 0;
		};
		CB46E5E8286172FC0078AC25 /* Resources */ = {
			isa = PBXResourcesBuildPhase;
			buildActionMask = 2147483647;
			files = (
			);
			runOnlyForDeploymentPostprocessing = 0;
		};
/* End PBXResourcesBuildPhase section */

/* Begin PBXSourcesBuildPhase section */
		CB46E5CC286172F70078AC25 /* Sources */ = {
			isa = PBXSourcesBuildPhase;
			buildActionMask = 2147483647;
			files = (
				CB46E5D6286172F70078AC25 /* ContentView.swift in Sources */,
				CB46E5D4286172F70078AC25 /* PokeWinApp.swift in Sources */,
			);
			runOnlyForDeploymentPostprocessing = 0;
		};
		CB46E5DC286172FC0078AC25 /* Sources */ = {
			isa = PBXSourcesBuildPhase;
			buildActionMask = 2147483647;
			files = (
				CB46E5E5286172FC0078AC25 /* PokeWinTests.swift in Sources */,
			);
			runOnlyForDeploymentPostprocessing = 0;
		};
		CB46E5E6286172FC0078AC25 /* Sources */ = {
			isa = PBXSourcesBuildPhase;
			buildActionMask = 2147483647;
			files = (
				CB46E5F1286172FC0078AC25 /* PokeWinUITestsLaunchTests.swift in Sources */,
				CB46E5EF286172FC0078AC25 /* PokeWinUITests.swift in Sources */,
			);
			runOnlyForDeploymentPostprocessing = 0;
		};
/* End PBXSourcesBuildPhase section */

/* Begin PBXTargetDependency section */
		CB46E5E2286172FC0078AC25 /* PBXTargetDependency */ = {
			isa = PBXTargetDependency;
			target = CB46E5CF286172F70078AC25 /* PokeWin */;
			targetProxy = CB46E5E1286172FC0078AC25 /* PBXContainerItemProxy */;
		};
		CB46E5EC286172FC0078AC25 /* PBXTargetDependency */ = {
			isa = PBXTargetDependency;
			target = CB46E5CF286172F70078AC25 /* PokeWin */;
			targetProxy = CB46E5EB286172FC0078AC25 /* PBXContainerItemProxy */;
		};
/* End PBXTargetDependency section */

/* Begin XCBuildConfiguration section */
		CB46E5F2286172FC0078AC25 /* Debug */ = {
			isa = XCBuildConfiguration;
			buildSettings = {
				ALWAYS_SEARCH_USER_PATHS = NO;
				CLANG_ANALYZER_NONNULL = YES;
				CLANG_ANALYZER_NUMBER_OBJECT_CONVERSION = YES_AGGRESSIVE;
				CLANG_CXX_LANGUAGE_STANDARD = "gnu++17";
				CLANG_ENABLE_MODULES = YES;
				CLANG_ENABLE_OBJC_ARC = YES;
				CLANG_ENABLE_OBJC_WEAK = YES;
				CLANG_WARN_BLOCK_CAPTURE_AUTORELEASING = YES;
				CLANG_WARN_BOOL_CONVERSION = YES;
				CLANG_WARN_COMMA = YES;
				CLANG_WARN_CONSTANT_CONVERSION = YES;
				CLANG_WARN_DEPRECATED_OBJC_IMPLEMENTATIONS = YES;
				CLANG_WARN_DIRECT_OBJC_ISA_USAGE = YES_ERROR;
				CLANG_WARN_DOCUMENTATION_COMMENTS = YES;
				CLANG_WARN_EMPTY_BODY = YES;
				CLANG_WARN_ENUM_CONVERSION = YES;
				CLANG_WARN_INFINITE_RECURSION = YES;
				CLANG_WARN_INT_CONVERSION = YES;
				CLANG_WARN_NON_LITERAL_NULL_CONVERSION = YES;
				CLANG_WARN_OBJC_IMPLICIT_RETAIN_SELF = YES;
				CLANG_WARN_OBJC_LITERAL_CONVERSION = YES;
				CLANG_WARN_OBJC_ROOT_CLASS = YES_ERROR;
				CLANG_WARN_QUOTED_INCLUDE_IN_FRAMEWORK_HEADER = YES;
				CLANG_WARN_RANGE_LOOP_ANALYSIS = YES;
				CLANG_WARN_STRICT_PROTOTYPES = YES;
				CLANG_WARN_SUSPICIOUS_MOVE = YES;
				CLANG_WARN_UNGUARDED_AVAILABILITY = YES_AGGRESSIVE;
				CLANG_WARN_UNREACHABLE_CODE = YES;
				CLANG_WARN__DUPLICATE_METHOD_MATCH = YES;
				COPY_PHASE_STRIP = NO;
				DEBUG_INFORMATION_FORMAT = dwarf;
				ENABLE_STRICT_OBJC_MSGSEND = YES;
				ENABLE_TESTABILITY = YES;
				GCC_C_LANGUAGE_STANDARD = gnu11;
				GCC_DYNAMIC_NO_PIC = NO;
				GCC_NO_COMMON_BLOCKS = YES;
				GCC_OPTIMIZATION_LEVEL = 0;
				GCC_PREPROCESSOR_DEFINITIONS = (
					"DEBUG=1",
					"$(inherited)",
				);
				GCC_WARN_64_TO_32_BIT_CONVERSION = YES;
				GCC_WARN_ABOUT_RETURN_TYPE = YES_ERROR;
				GCC_WARN_UNDECLARED_SELECTOR = YES;
				GCC_WARN_UNINITIALIZED_AUTOS = YES_AGGRESSIVE;
				GCC_WARN_UNUSED_FUNCTION = YES;
				GCC_WARN_UNUSED_VARIABLE = YES;
				IPHONEOS_DEPLOYMENT_TARGET = 15.5;
				MTL_ENABLE_DEBUG_INFO = INCLUDE_SOURCE;
				MTL_FAST_MATH = YES;
				ONLY_ACTIVE_ARCH = YES;
				SDKROOT = iphoneos;
				SWIFT_ACTIVE_COMPILATION_CONDITIONS = DEBUG;
				SWIFT_OPTIMIZATION_LEVEL = "-Onone";
			};
			name = Debug;
		};
		CB46E5F3286172FC0078AC25 /* Release */ = {
			isa = XCBuildConfiguration;
			buildSettings = {
				ALWAYS_SEARCH_USER_PATHS = NO;
				CLANG_ANALYZER_NONNULL = YES;
				CLANG_ANALYZER_NUMBER_OBJECT_CONVERSION = YES_AGGRESSIVE;
				CLANG_CXX_LANGUAGE_STANDARD = "gnu++17";
				CLANG_ENABLE_MODULES = YES;
				CLANG_ENABLE_OBJC_ARC = YES;
				CLANG_ENABLE_OBJC_WEAK = YES;
				CLANG_WARN_BLOCK_CAPTURE_AUTORELEASING = YES;
				CLANG_WARN_BOOL_CONVERSION = YES;
				CLANG_WARN_COMMA = YES;
				CLANG_WARN_CONSTANT_CONVERSION = YES;
				CLANG_WARN_DEPRECATED_OBJC_IMPLEMENTATIONS = YES;
				CLANG_WARN_DIRECT_OBJC_ISA_USAGE = YES_ERROR;
				CLANG_WARN_DOCUMENTATION_COMMENTS = YES;
				CLANG_WARN_EMPTY_BODY = YES;
				CLANG_WARN_ENUM_CONVERSION = YES;
				CLANG_WARN_INFINITE_RECURSION = YES;
				CLANG_WARN_INT_CONVERSION = YES;
				CLANG_WARN_NON_LITERAL_NULL_CONVERSION = YES;
				CLANG_WARN_OBJC_IMPLICIT_RETAIN_SELF = YES;
				CLANG_WARN_OBJC_LITERAL_CONVERSION = YES;
				CLANG_WARN_OBJC_ROOT_CLASS = YES_ERROR;
				CLANG_WARN_QUOTED_INCLUDE_IN_FRAMEWORK_HEADER = YES;
				CLANG_WARN_RANGE_LOOP_ANALYSIS = YES;
				CLANG_WARN_STRICT_PROTOTYPES = YES;
				CLANG_WARN_SUSPICIOUS_MOVE = YES;
				CLANG_WARN_UNGUARDED_AVAILABILITY = YES_AGGRESSIVE;
				CLANG_WARN_UNREACHABLE_CODE = YES;
				CLANG_WARN__DUPLICATE_METHOD_MATCH = YES;
				COPY_PHASE_STRIP = NO;
				DEBUG_INFORMATION_FORMAT = "dwarf-with-dsym";
				ENABLE_NS_ASSERTIONS = NO;
				ENABLE_STRICT_OBJC_MSGSEND = YES;
				GCC_C_LANGUAGE_STANDARD = gnu11;
				GCC_NO_COMMON_BLOCKS = YES;
				GCC_WARN_64_TO_32_BIT_CONVERSION = YES;
				GCC_WARN_ABOUT_RETURN_TYPE = YES_ERROR;
				GCC_WARN_UNDECLARED_SELECTOR = YES;
				GCC_WARN_UNINITIALIZED_AUTOS = YES_AGGRESSIVE;
				GCC_WARN_UNUSED_FUNCTION = YES;
				GCC_WARN_UNUSED_VARIABLE = YES;
				IPHONEOS_DEPLOYMENT_TARGET = 15.5;
				MTL_ENABLE_DEBUG_INFO = NO;
				MTL_FAST_MATH = YES;
				SDKROOT = iphoneos;
				SWIFT_COMPILATION_MODE = wholemodule;
				SWIFT_OPTIMIZATION_LEVEL = "-O";
				VALIDATE_PRODUCT = YES;
			};
			name = Release;
		};
		CB46E5F5286172FC0078AC25 /* Debug */ = {
			isa = XCBuildConfiguration;
			buildSettings = {
				ASSETCATALOG_COMPILER_APPICON_NAME = AppIcon;
				ASSETCATALOG_COMPILER_GLOBAL_ACCENT_COLOR_NAME = AccentColor;
				CODE_SIGN_STYLE = Automatic;
				CURRENT_PROJECT_VERSION = 1;
				DEVELOPMENT_ASSET_PATHS = "\"PokeWin/Preview Content\"";
				ENABLE_PREVIEWS = YES;
				GENERATE_INFOPLIST_FILE = YES;
				INFOPLIST_KEY_UIApplicationSceneManifest_Generation = YES;
				INFOPLIST_KEY_UIApplicationSupportsIndirectInputEvents = YES;
				INFOPLIST_KEY_UILaunchScreen_Generation = YES;
				INFOPLIST_KEY_UISupportedInterfaceOrientations_iPad = "UIInterfaceOrientationPortrait UIInterfaceOrientationPortraitUpsideDown UIInterfaceOrientationLandscapeLeft UIInterfaceOrientationLandscapeRight";
				INFOPLIST_KEY_UISupportedInterfaceOrientations_iPhone = "UIInterfaceOrientationPortrait UIInterfaceOrientationLandscapeLeft UIInterfaceOrientationLandscapeRight";
				LD_RUNPATH_SEARCH_PATHS = (
					"$(inherited)",
					"@executable_path/Frameworks",
				);
				MARKETING_VERSION = 1.0;
				PRODUCT_BUNDLE_IDENTIFIER = com.caramelmelmel.PokeWin;
				PRODUCT_NAME = "$(TARGET_NAME)";
				SWIFT_EMIT_LOC_STRINGS = YES;
				SWIFT_VERSION = 5.0;
				TARGETED_DEVICE_FAMILY = "1,2";
			};
			name = Debug;
		};
		CB46E5F6286172FC0078AC25 /* Release */ = {
			isa = XCBuildConfiguration;
			buildSettings = {
				ASSETCATALOG_COMPILER_APPICON_NAME = AppIcon;
				ASSETCATALOG_COMPILER_GLOBAL_ACCENT_COLOR_NAME = AccentColor;
				CODE_SIGN_STYLE = Automatic;
				CURRENT_PROJECT_VERSION = 1;
				DEVELOPMENT_ASSET_PATHS = "\"PokeWin/Preview Content\"";
				ENABLE_PREVIEWS = YES;
				GENERATE_INFOPLIST_FILE = YES;
				INFOPLIST_KEY_UIApplicationSceneManifest_Generation = YES;
				INFOPLIST_KEY_UIApplicationSupportsIndirectInputEvents = YES;
				INFOPLIST_KEY_UILaunchScreen_Generation = YES;
				INFOPLIST_KEY_UISupportedInterfaceOrientations_iPad = "UIInterfaceOrientationPortrait UIInterfaceOrientationPortraitUpsideDown UIInterfaceOrientationLandscapeLeft UIInterfaceOrientationLandscapeRight";
				INFOPLIST_KEY_UISupportedInterfaceOrientations_iPhone = "UIInterfaceOrientationPortrait UIInterfaceOrientationLandscapeLeft UIInterfaceOrientationLandscapeRight";
				LD_RUNPATH_SEARCH_PATHS = (
					"$(inherited)",
					"@executable_path/Frameworks",
				);
				MARKETING_VERSION = 1.0;
				PRODUCT_BUNDLE_IDENTIFIER = com.caramelmelmel.PokeWin;
				PRODUCT_NAME = "$(TARGET_NAME)";
				SWIFT_EMIT_LOC_STRINGS = YES;
				SWIFT_VERSION = 5.0;
				TARGETED_DEVICE_FAMILY = "1,2";
			};
			name = Release;
		};
		CB46E5F8286172FC0078AC25 /* Debug */ = {
			isa = XCBuildConfiguration;
			buildSettings = {
				ALWAYS_EMBED_SWIFT_STANDARD_LIBRARIES = YES;
				BUNDLE_LOADER = "$(TEST_HOST)";
				CODE_SIGN_STYLE = Automatic;
				CURRENT_PROJECT_VERSION = 1;
				GENERATE_INFOPLIST_FILE = YES;
				IPHONEOS_DEPLOYMENT_TARGET = 15.5;
				MARKETING_VERSION = 1.0;
				PRODUCT_BUNDLE_IDENTIFIER = com.caramelmelmel.PokeWinTests;
				PRODUCT_NAME = "$(TARGET_NAME)";
				SWIFT_EMIT_LOC_STRINGS = NO;
				SWIFT_VERSION = 5.0;
				TARGETED_DEVICE_FAMILY = "1,2";
				TEST_HOST = "$(BUILT_PRODUCTS_DIR)/PokeWin.app/PokeWin";
			};
			name = Debug;
		};
		CB46E5F9286172FC0078AC25 /* Release */ = {
			isa = XCBuildConfiguration;
			buildSettings = {
				ALWAYS_EMBED_SWIFT_STANDARD_LIBRARIES = YES;
				BUNDLE_LOADER = "$(TEST_HOST)";
				CODE_SIGN_STYLE = Automatic;
				CURRENT_PROJECT_VERSION = 1;
				GENERATE_INFOPLIST_FILE = YES;
				IPHONEOS_DEPLOYMENT_TARGET = 15.5;
				MARKETING_VERSION = 1.0;
				PRODUCT_BUNDLE_IDENTIFIER = com.caramelmelmel.PokeWinTests;
				PRODUCT_NAME = "$(TARGET_NAME)";
				SWIFT_EMIT_LOC_STRINGS = NO;
				SWIFT_VERSION = 5.0;
				TARGETED_DEVICE_FAMILY = "1,2";
				TEST_HOST = "$(BUILT_PRODUCTS_DIR)/PokeWin.app/PokeWin";
			};
			name = Release;
		};
		CB46E5FB286172FC0078AC25 /* Debug */ = {
			isa = XCBuildConfiguration;
			buildSettings = {
				ALWAYS_EMBED_SWIFT_STANDARD_LIBRARIES = YES;
				CODE_SIGN_STYLE = Automatic;
				CURRENT_PROJECT_VERSION = 1;
				GENERATE_INFOPLIST_FILE = YES;
				MARKETING_VERSION = 1.0;
				PRODUCT_BUNDLE_IDENTIFIER = com.caramelmelmel.PokeWinUITests;
				PRODUCT_NAME = "$(TARGET_NAME)";
				SWIFT_EMIT_LOC_STRINGS = NO;
				SWIFT_VERSION = 5.0;
				TARGETED_DEVICE_FAMILY = "1,2";
				TEST_TARGET_NAME = PokeWin;
			};
			name = Debug;
		};
		CB46E5FC286172FC0078AC25 /* Release */ = {
			isa = XCBuildConfiguration;
			buildSettings = {
				ALWAYS_EMBED_SWIFT_STANDARD_LIBRARIES = YES;
				CODE_SIGN_STYLE = Automatic;
				CURRENT_PROJECT_VERSION = 1;
				GENERATE_INFOPLIST_FILE = YES;
				MARKETING_VERSION = 1.0;
				PRODUCT_BUNDLE_IDENTIFIER = com.caramelmelmel.PokeWinUITests;
				PRODUCT_NAME = "$(TARGET_NAME)";
				SWIFT_EMIT_LOC_STRINGS = NO;
				SWIFT_VERSION = 5.0;
				TARGETED_DEVICE_FAMILY = "1,2";
				TEST_TARGET_NAME = PokeWin;
			};
			name = Release;
		};
/* End XCBuildConfiguration section */

/* Begin XCConfigurationList section */
		CB46E5CB286172F70078AC25 /* Build configuration list for PBXProject "PokeWin" */ = {
			isa = XCConfigurationList;
			buildConfigurations = (
				CB46E5F2286172FC0078AC25 /* Debug */,
				CB46E5F3286172FC0078AC25 /* Release */,
			);
			defaultConfigurationIsVisible = 0;
			defaultConfigurationName = Release;
		};
		CB46E5F4286172FC0078AC25 /* Build configuration list for PBXNativeTarget "PokeWin" */ = {
			isa = XCConfigurationList;
			buildConfigurations = (
				CB46E5F5286172FC0078AC25 /* Debug */,
				CB46E5F6286172FC0078AC25 /* Release */,
			);
			defaultConfigurationIsVisible = 0;
			defaultConfigurationName = Release;
		};
		CB46E5F7286172FC0078AC25 /* Build configuration list for PBXNativeTarget "PokeWinTests" */ = {
			isa = XCConfigurationList;
			buildConfigurations = (
				CB46E5F8286172FC0078AC25 /* Debug */,
				CB46E5F9286172FC0078AC25 /* Release */,
			);
			defaultConfigurationIsVisible = 0;
			defaultConfigurationName = Release;
		};
		CB46E5FA286172FC0078AC25 /* Build configuration list for PBXNativeTarget "PokeWinUITests" */ = {
			isa = XCConfigurationList;
			buildConfigurations = (
				CB46E5FB286172FC0078AC25 /* Debug */,
				CB46E5FC286172FC0078AC25 /* Release */,
			);
			defaultConfigurationIsVisible = 0;
			defaultConfigurationName = Release;
		};
/* End XCConfigurationList section */
	};
	rootObject = CB46E5C8286172F70078AC25 /* Project object */;
}
